// !$*UTF8*$!
{
	archiveVersion = 1;
	classes = {
	};
	objectVersion = 46;
	objects = {

/* Begin PBXBuildFile section */
		0ACACA421B52E139007FC5DB /* main.m in Sources */ = {isa = PBXBuildFile; fileRef = 0ACACA411B52E139007FC5DB /* main.m */; };
		0ACACA451B52E139007FC5DB /* AppDelegate.m in Sources */ = {isa = PBXBuildFile; fileRef = 0ACACA441B52E139007FC5DB /* AppDelegate.m */; };
		0ACACA4B1B52E139007FC5DB /* Main.storyboard in Resources */ = {isa = PBXBuildFile; fileRef = 0ACACA491B52E139007FC5DB /* Main.storyboard */; };
		0ACACA4D1B52E139007FC5DB /* Images.xcassets in Resources */ = {isa = PBXBuildFile; fileRef = 0ACACA4C1B52E139007FC5DB /* Images.xcassets */; };
		0ACACA501B52E139007FC5DB /* LaunchScreen.xib in Resources */ = {isa = PBXBuildFile; fileRef = 0ACACA4E1B52E139007FC5DB /* LaunchScreen.xib */; };
		0ACACA671B52E29E007FC5DB /* EmployeesTableViewController.m in Sources */ = {isa = PBXBuildFile; fileRef = 0ACACA661B52E29E007FC5DB /* EmployeesTableViewController.m */; };
		0ACACA6C1B52E2D6007FC5DB /* Employee.m in Sources */ = {isa = PBXBuildFile; fileRef = 0ACACA6B1B52E2D6007FC5DB /* Employee.m */; };
		0ACACA6F1B52E2E8007FC5DB /* SyncEngine.m in Sources */ = {isa = PBXBuildFile; fileRef = 0ACACA6E1B52E2E8007FC5DB /* SyncEngine.m */; };
		0ACACA711B52E4A9007FC5DB /* CFNetwork.framework in Frameworks */ = {isa = PBXBuildFile; fileRef = 0ACACA701B52E4A9007FC5DB /* CFNetwork.framework */; };
		0ACACA731B52E4AD007FC5DB /* Security.framework in Frameworks */ = {isa = PBXBuildFile; fileRef = 0ACACA721B52E4AD007FC5DB /* Security.framework */; };
		0ACACA751B52E4B2007FC5DB /* SystemConfiguration.framework in Frameworks */ = {isa = PBXBuildFile; fileRef = 0ACACA741B52E4B2007FC5DB /* SystemConfiguration.framework */; };
		0ACACA891B52E519007FC5DB /* MobileCoreServices.framework in Frameworks */ = {isa = PBXBuildFile; fileRef = 0ACACA881B52E519007FC5DB /* MobileCoreServices.framework */; };
		0ACACA8B1B52E51D007FC5DB /* CoreData.framework in Frameworks */ = {isa = PBXBuildFile; fileRef = 0ACACA8A1B52E51D007FC5DB /* CoreData.framework */; };
		0ACACA8C1B52E520007FC5DB /* libRestKit.a in Frameworks */ = {isa = PBXBuildFile; fileRef = 0ACACA7F1B52E4F5007FC5DB /* libRestKit.a */; };
/* End PBXBuildFile section */

/* Begin PBXContainerItemProxy section */
		0ACACA7E1B52E4F5007FC5DB /* PBXContainerItemProxy */ = {
			isa = PBXContainerItemProxy;
			containerPortal = 0ACACA771B52E4F5007FC5DB /* RestKit.xcodeproj */;
			proxyType = 2;
			remoteGlobalIDString = 25160D1614564E810060A5C5;
			remoteInfo = RestKit;
		};
		0ACACA801B52E4F5007FC5DB /* PBXContainerItemProxy */ = {
			isa = PBXContainerItemProxy;
			containerPortal = 0ACACA771B52E4F5007FC5DB /* RestKit.xcodeproj */;
			proxyType = 2;
			remoteGlobalIDString = 25160D2614564E820060A5C5;
			remoteInfo = RestKitTests;
		};
		0ACACA821B52E4F5007FC5DB /* PBXContainerItemProxy */ = {
			isa = PBXContainerItemProxy;
			containerPortal = 0ACACA771B52E4F5007FC5DB /* RestKit.xcodeproj */;
			proxyType = 2;
			remoteGlobalIDString = 25160E62145651060060A5C5;
			remoteInfo = RestKitFramework;
		};
		0ACACA841B52E4F5007FC5DB /* PBXContainerItemProxy */ = {
			isa = PBXContainerItemProxy;
			containerPortal = 0ACACA771B52E4F5007FC5DB /* RestKit.xcodeproj */;
			proxyType = 2;
			remoteGlobalIDString = 25160E78145651060060A5C5;
			remoteInfo = RestKitFrameworkTests;
		};
		0ACACA861B52E503007FC5DB /* PBXContainerItemProxy */ = {
			isa = PBXContainerItemProxy;
			containerPortal = 0ACACA771B52E4F5007FC5DB /* RestKit.xcodeproj */;
			proxyType = 1;
			remoteGlobalIDString = 25160D1514564E810060A5C5;
			remoteInfo = RestKit;
		};
/* End PBXContainerItemProxy section */

/* Begin PBXFileReference section */
		0ACACA3C1B52E139007FC5DB /* TestApp.app */ = {isa = PBXFileReference; explicitFileType = wrapper.application; includeInIndex = 0; path = TestApp.app; sourceTree = BUILT_PRODUCTS_DIR; };
		0ACACA401B52E139007FC5DB /* Info.plist */ = {isa = PBXFileReference; lastKnownFileType = text.plist.xml; path = Info.plist; sourceTree = "<group>"; };
		0ACACA411B52E139007FC5DB /* main.m */ = {isa = PBXFileReference; lastKnownFileType = sourcecode.c.objc; path = main.m; sourceTree = "<group>"; };
		0ACACA431B52E139007FC5DB /* AppDelegate.h */ = {isa = PBXFileReference; lastKnownFileType = sourcecode.c.h; path = AppDelegate.h; sourceTree = "<group>"; };
		0ACACA441B52E139007FC5DB /* AppDelegate.m */ = {isa = PBXFileReference; lastKnownFileType = sourcecode.c.objc; path = AppDelegate.m; sourceTree = "<group>"; };
		0ACACA4A1B52E139007FC5DB /* Base */ = {isa = PBXFileReference; lastKnownFileType = file.storyboard; name = Base; path = Base.lproj/Main.storyboard; sourceTree = "<group>"; };
		0ACACA4C1B52E139007FC5DB /* Images.xcassets */ = {isa = PBXFileReference; lastKnownFileType = folder.assetcatalog; path = Images.xcassets; sourceTree = "<group>"; };
		0ACACA4F1B52E139007FC5DB /* Base */ = {isa = PBXFileReference; lastKnownFileType = file.xib; name = Base; path = Base.lproj/LaunchScreen.xib; sourceTree = "<group>"; };
		0ACACA651B52E29E007FC5DB /* EmployeesTableViewController.h */ = {isa = PBXFileReference; fileEncoding = 4; lastKnownFileType = sourcecode.c.h; path = EmployeesTableViewController.h; sourceTree = "<group>"; };
		0ACACA661B52E29E007FC5DB /* EmployeesTableViewController.m */ = {isa = PBXFileReference; fileEncoding = 4; lastKnownFileType = sourcecode.c.objc; path = EmployeesTableViewController.m; sourceTree = "<group>"; };
		0ACACA6A1B52E2D6007FC5DB /* Employee.h */ = {isa = PBXFileReference; fileEncoding = 4; lastKnownFileType = sourcecode.c.h; path = Employee.h; sourceTree = "<group>"; };
		0ACACA6B1B52E2D6007FC5DB /* Employee.m */ = {isa = PBXFileReference; fileEncoding = 4; lastKnownFileType = sourcecode.c.objc; path = Employee.m; sourceTree = "<group>"; };
		0ACACA6D1B52E2E8007FC5DB /* SyncEngine.h */ = {isa = PBXFileReference; fileEncoding = 4; lastKnownFileType = sourcecode.c.h; path = SyncEngine.h; sourceTree = "<group>"; };
		0ACACA6E1B52E2E8007FC5DB /* SyncEngine.m */ = {isa = PBXFileReference; fileEncoding = 4; lastKnownFileType = sourcecode.c.objc; path = SyncEngine.m; sourceTree = "<group>"; };
		0ACACA701B52E4A9007FC5DB /* CFNetwork.framework */ = {isa = PBXFileReference; lastKnownFileType = wrapper.framework; name = CFNetwork.framework; path = System/Library/Frameworks/CFNetwork.framework; sourceTree = SDKROOT; };
		0ACACA721B52E4AD007FC5DB /* Security.framework */ = {isa = PBXFileReference; lastKnownFileType = wrapper.framework; name = Security.framework; path = System/Library/Frameworks/Security.framework; sourceTree = SDKROOT; };
		0ACACA741B52E4B2007FC5DB /* SystemConfiguration.framework */ = {isa = PBXFileReference; lastKnownFileType = wrapper.framework; name = SystemConfiguration.framework; path = System/Library/Frameworks/SystemConfiguration.framework; sourceTree = SDKROOT; };
		0ACACA771B52E4F5007FC5DB /* RestKit.xcodeproj */ = {isa = PBXFileReference; lastKnownFileType = "wrapper.pb-project"; name = RestKit.xcodeproj; path = ../../Libraries/RestKit/RestKit.xcodeproj; sourceTree = "<group>"; };
		0ACACA881B52E519007FC5DB /* MobileCoreServices.framework */ = {isa = PBXFileReference; lastKnownFileType = wrapper.framework; name = MobileCoreServices.framework; path = System/Library/Frameworks/MobileCoreServices.framework; sourceTree = SDKROOT; };
		0ACACA8A1B52E51D007FC5DB /* CoreData.framework */ = {isa = PBXFileReference; lastKnownFileType = wrapper.framework; name = CoreData.framework; path = System/Library/Frameworks/CoreData.framework; sourceTree = SDKROOT; };
/* End PBXFileReference section */

/* Begin PBXFrameworksBuildPhase section */
		0ACACA391B52E139007FC5DB /* Frameworks */ = {
			isa = PBXFrameworksBuildPhase;
			buildActionMask = 2147483647;
			files = (
				0ACACA8C1B52E520007FC5DB /* libRestKit.a in Frameworks */,
				0ACACA8B1B52E51D007FC5DB /* CoreData.framework in Frameworks */,
				0ACACA891B52E519007FC5DB /* MobileCoreServices.framework in Frameworks */,
				0ACACA751B52E4B2007FC5DB /* SystemConfiguration.framework in Frameworks */,
				0ACACA731B52E4AD007FC5DB /* Security.framework in Frameworks */,
				0ACACA711B52E4A9007FC5DB /* CFNetwork.framework in Frameworks */,
			);
			runOnlyForDeploymentPostprocessing = 0;
		};
/* End PBXFrameworksBuildPhase section */

/* Begin PBXGroup section */
		0ACACA331B52E139007FC5DB = {
			isa = PBXGroup;
			children = (
				0ACACA3E1B52E139007FC5DB /* TestApp */,
				0ACACA761B52E4DF007FC5DB /* Frameworks */,
				0ACACA3D1B52E139007FC5DB /* Products */,
			);
			sourceTree = "<group>";
		};
		0ACACA3D1B52E139007FC5DB /* Products */ = {
			isa = PBXGroup;
			children = (
				0ACACA3C1B52E139007FC5DB /* TestApp.app */,
			);
			name = Products;
			sourceTree = "<group>";
		};
		0ACACA3E1B52E139007FC5DB /* TestApp */ = {
			isa = PBXGroup;
			children = (
				0ACACA691B52E2AB007FC5DB /* ViewControllers */,
				0ACACA681B52E2A2007FC5DB /* Data */,
				0ACACA431B52E139007FC5DB /* AppDelegate.h */,
				0ACACA441B52E139007FC5DB /* AppDelegate.m */,
				0ACACA491B52E139007FC5DB /* Main.storyboard */,
				0ACACA4C1B52E139007FC5DB /* Images.xcassets */,
				0ACACA4E1B52E139007FC5DB /* LaunchScreen.xib */,
				0ACACA3F1B52E139007FC5DB /* Supporting Files */,
			);
			path = TestApp;
			sourceTree = "<group>";
		};
		0ACACA3F1B52E139007FC5DB /* Supporting Files */ = {
			isa = PBXGroup;
			children = (
				0ACACA401B52E139007FC5DB /* Info.plist */,
				0ACACA411B52E139007FC5DB /* main.m */,
			);
			name = "Supporting Files";
			sourceTree = "<group>";
		};
		0ACACA681B52E2A2007FC5DB /* Data */ = {
			isa = PBXGroup;
			children = (
				0ACACA6A1B52E2D6007FC5DB /* Employee.h */,
				0ACACA6B1B52E2D6007FC5DB /* Employee.m */,
				0ACACA6D1B52E2E8007FC5DB /* SyncEngine.h */,
				0ACACA6E1B52E2E8007FC5DB /* SyncEngine.m */,
			);
			name = Data;
			sourceTree = "<group>";
		};
		0ACACA691B52E2AB007FC5DB /* ViewControllers */ = {
			isa = PBXGroup;
			children = (
				0ACACA651B52E29E007FC5DB /* EmployeesTableViewController.h */,
				0ACACA661B52E29E007FC5DB /* EmployeesTableViewController.m */,
			);
			name = ViewControllers;
			sourceTree = "<group>";
		};
		0ACACA761B52E4DF007FC5DB /* Frameworks */ = {
			isa = PBXGroup;
			children = (
				0ACACA8A1B52E51D007FC5DB /* CoreData.framework */,
				0ACACA881B52E519007FC5DB /* MobileCoreServices.framework */,
				0ACACA771B52E4F5007FC5DB /* RestKit.xcodeproj */,
				0ACACA741B52E4B2007FC5DB /* SystemConfiguration.framework */,
				0ACACA721B52E4AD007FC5DB /* Security.framework */,
				0ACACA701B52E4A9007FC5DB /* CFNetwork.framework */,
			);
			name = Frameworks;
			path = TestApp;
			sourceTree = "<group>";
		};
		0ACACA781B52E4F5007FC5DB /* Products */ = {
			isa = PBXGroup;
			children = (
				0ACACA7F1B52E4F5007FC5DB /* libRestKit.a */,
				0ACACA811B52E4F5007FC5DB /* RestKitTests.xctest */,
				0ACACA831B52E4F5007FC5DB /* RestKit.framework */,
				0ACACA851B52E4F5007FC5DB /* RestKitFrameworkTests.xctest */,
			);
			name = Products;
			sourceTree = "<group>";
		};
/* End PBXGroup section */

/* Begin PBXNativeTarget section */
		0ACACA3B1B52E139007FC5DB /* TestApp */ = {
			isa = PBXNativeTarget;
			buildConfigurationList = 0ACACA5F1B52E139007FC5DB /* Build configuration list for PBXNativeTarget "TestApp" */;
			buildPhases = (
				0ACACA381B52E139007FC5DB /* Sources */,
				0ACACA391B52E139007FC5DB /* Frameworks */,
				0ACACA3A1B52E139007FC5DB /* Resources */,
			);
			buildRules = (
			);
			dependencies = (
				0ACACA871B52E503007FC5DB /* PBXTargetDependency */,
			);
			name = TestApp;
			productName = TestApp;
			productReference = 0ACACA3C1B52E139007FC5DB /* TestApp.app */;
			productType = "com.apple.product-type.application";
		};
/* End PBXNativeTarget section */

/* Begin PBXProject section */
		0ACACA341B52E139007FC5DB /* Project object */ = {
			isa = PBXProject;
			attributes = {
				LastUpgradeCheck = 0630;
				ORGANIZATIONNAME = "Dmitry Ivulyov";
				TargetAttributes = {
					0ACACA3B1B52E139007FC5DB = {
						CreatedOnToolsVersion = 6.3.1;
					};
				};
			};
			buildConfigurationList = 0ACACA371B52E139007FC5DB /* Build configuration list for PBXProject "TestApp" */;
			compatibilityVersion = "Xcode 3.2";
			developmentRegion = English;
			hasScannedForEncodings = 0;
			knownRegions = (
				en,
				Base,
			);
			mainGroup = 0ACACA331B52E139007FC5DB;
			productRefGroup = 0ACACA3D1B52E139007FC5DB /* Products */;
			projectDirPath = "";
			projectReferences = (
				{
					ProductGroup = 0ACACA781B52E4F5007FC5DB /* Products */;
					ProjectRef = 0ACACA771B52E4F5007FC5DB /* RestKit.xcodeproj */;
				},
			);
			projectRoot = "";
			targets = (
				0ACACA3B1B52E139007FC5DB /* TestApp */,
			);
		};
/* End PBXProject section */

/* Begin PBXReferenceProxy section */
		0ACACA7F1B52E4F5007FC5DB /* libRestKit.a */ = {
			isa = PBXReferenceProxy;
			fileType = archive.ar;
			path = libRestKit.a;
			remoteRef = 0ACACA7E1B52E4F5007FC5DB /* PBXContainerItemProxy */;
			sourceTree = BUILT_PRODUCTS_DIR;
		};
		0ACACA811B52E4F5007FC5DB /* RestKitTests.xctest */ = {
			isa = PBXReferenceProxy;
			fileType = wrapper.cfbundle;
			path = RestKitTests.xctest;
			remoteRef = 0ACACA801B52E4F5007FC5DB /* PBXContainerItemProxy */;
			sourceTree = BUILT_PRODUCTS_DIR;
		};
		0ACACA831B52E4F5007FC5DB /* RestKit.framework */ = {
			isa = PBXReferenceProxy;
			fileType = wrapper.framework;
			path = RestKit.framework;
			remoteRef = 0ACACA821B52E4F5007FC5DB /* PBXContainerItemProxy */;
			sourceTree = BUILT_PRODUCTS_DIR;
		};
		0ACACA851B52E4F5007FC5DB /* RestKitFrameworkTests.xctest */ = {
			isa = PBXReferenceProxy;
			fileType = wrapper.cfbundle;
			path = RestKitFrameworkTests.xctest;
			remoteRef = 0ACACA841B52E4F5007FC5DB /* PBXContainerItemProxy */;
			sourceTree = BUILT_PRODUCTS_DIR;
		};
/* End PBXReferenceProxy section */

/* Begin PBXResourcesBuildPhase section */
		0ACACA3A1B52E139007FC5DB /* Resources */ = {
			isa = PBXResourcesBuildPhase;
			buildActionMask = 2147483647;
			files = (
				0ACACA4B1B52E139007FC5DB /* Main.storyboard in Resources */,
				0ACACA501B52E139007FC5DB /* LaunchScreen.xib in Resources */,
				0ACACA4D1B52E139007FC5DB /* Images.xcassets in Resources */,
			);
			runOnlyForDeploymentPostprocessing = 0;
		};
/* End PBXResourcesBuildPhase section */

/* Begin PBXSourcesBuildPhase section */
		0ACACA381B52E139007FC5DB /* Sources */ = {
			isa = PBXSourcesBuildPhase;
			buildActionMask = 2147483647;
			files = (
				0ACACA451B52E139007FC5DB /* AppDelegate.m in Sources */,
				0ACACA6C1B52E2D6007FC5DB /* Employee.m in Sources */,
				0ACACA6F1B52E2E8007FC5DB /* SyncEngine.m in Sources */,
				0ACACA671B52E29E007FC5DB /* EmployeesTableViewController.m in Sources */,
				0ACACA421B52E139007FC5DB /* main.m in Sources */,
			);
			runOnlyForDeploymentPostprocessing = 0;
		};
/* End PBXSourcesBuildPhase section */

/* Begin PBXTargetDependency section */
		0ACACA871B52E503007FC5DB /* PBXTargetDependency */ = {
			isa = PBXTargetDependency;
			name = RestKit;
			targetProxy = 0ACACA861B52E503007FC5DB /* PBXContainerItemProxy */;
		};
/* End PBXTargetDependency section */

/* Begin PBXVariantGroup section */
		0ACACA491B52E139007FC5DB /* Main.storyboard */ = {
			isa = PBXVariantGroup;
			children = (
				0ACACA4A1B52E139007FC5DB /* Base */,
			);
			name = Main.storyboard;
			sourceTree = "<group>";
		};
		0ACACA4E1B52E139007FC5DB /* LaunchScreen.xib */ = {
			isa = PBXVariantGroup;
			children = (
				0ACACA4F1B52E139007FC5DB /* Base */,
			);
			name = LaunchScreen.xib;
			sourceTree = "<group>";
		};
/* End PBXVariantGroup section */

/* Begin XCBuildConfiguration section */
		0ACACA5D1B52E139007FC5DB /* Debug */ = {
			isa = XCBuildConfiguration;
			buildSettings = {
				ALWAYS_SEARCH_USER_PATHS = NO;
				CLANG_CXX_LANGUAGE_STANDARD = "gnu++0x";
				CLANG_CXX_LIBRARY = "libc++";
				CLANG_ENABLE_MODULES = YES;
				CLANG_ENABLE_OBJC_ARC = YES;
				CLANG_WARN_BOOL_CONVERSION = YES;
				CLANG_WARN_CONSTANT_CONVERSION = YES;
				CLANG_WARN_DIRECT_OBJC_ISA_USAGE = YES_ERROR;
				CLANG_WARN_EMPTY_BODY = YES;
				CLANG_WARN_ENUM_CONVERSION = YES;
				CLANG_WARN_INT_CONVERSION = YES;
				CLANG_WARN_OBJC_ROOT_CLASS = YES_ERROR;
				CLANG_WARN_UNREACHABLE_CODE = YES;
				CLANG_WARN__DUPLICATE_METHOD_MATCH = YES;
				"CODE_SIGN_IDENTITY[sdk=iphoneos*]" = "iPhone Developer";
				COPY_PHASE_STRIP = NO;
				DEBUG_INFORMATION_FORMAT = "dwarf-with-dsym";
				ENABLE_STRICT_OBJC_MSGSEND = YES;
				GCC_C_LANGUAGE_STANDARD = gnu99;
				GCC_DYNAMIC_NO_PIC = NO;
				GCC_NO_COMMON_BLOCKS = YES;
				GCC_OPTIMIZATION_LEVEL = 0;
				GCC_PREPROCESSOR_DEFINITIONS = (
					"DEBUG=1",
					"$(inherited)",
				);
				GCC_SYMBOLS_PRIVATE_EXTERN = NO;
				GCC_WARN_64_TO_32_BIT_CONVERSION = YES;
				GCC_WARN_ABOUT_RETURN_TYPE = YES_ERROR;
				GCC_WARN_UNDECLARED_SELECTOR = YES;
				GCC_WARN_UNINITIALIZED_AUTOS = YES_AGGRESSIVE;
				GCC_WARN_UNUSED_FUNCTION = YES;
				GCC_WARN_UNUSED_VARIABLE = YES;
				IPHONEOS_DEPLOYMENT_TARGET = 8.3;
				MTL_ENABLE_DEBUG_INFO = YES;
				ONLY_ACTIVE_ARCH = YES;
				SDKROOT = iphoneos;
				TARGETED_DEVICE_FAMILY = "1,2";
			};
			name = Debug;
		};
		0ACACA5E1B52E139007FC5DB /* Release */ = {
			isa = XCBuildConfiguration;
			buildSettings = {
				ALWAYS_SEARCH_USER_PATHS = NO;
				CLANG_CXX_LANGUAGE_STANDARD = "gnu++0x";
				CLANG_CXX_LIBRARY = "libc++";
				CLANG_ENABLE_MODULES = YES;
				CLANG_ENABLE_OBJC_ARC = YES;
				CLANG_WARN_BOOL_CONVERSION = YES;
				CLANG_WARN_CONSTANT_CONVERSION = YES;
				CLANG_WARN_DIRECT_OBJC_ISA_USAGE = YES_ERROR;
				CLANG_WARN_EMPTY_BODY = YES;
				CLANG_WARN_ENUM_CONVERSION = YES;
				CLANG_WARN_INT_CONVERSION = YES;
				CLANG_WARN_OBJC_ROOT_CLASS = YES_ERROR;
				CLANG_WARN_UNREACHABLE_CODE = YES;
				CLANG_WARN__DUPLICATE_METHOD_MATCH = YES;
				"CODE_SIGN_IDENTITY[sdk=iphoneos*]" = "iPhone Developer";
				COPY_PHASE_STRIP = NO;
				DEBUG_INFORMATION_FORMAT = "dwarf-with-dsym";
				ENABLE_NS_ASSERTIONS = NO;
				ENABLE_STRICT_OBJC_MSGSEND = YES;
				GCC_C_LANGUAGE_STANDARD = gnu99;
				GCC_NO_COMMON_BLOCKS = YES;
				GCC_WARN_64_TO_32_BIT_CONVERSION = YES;
				GCC_WARN_ABOUT_RETURN_TYPE = YES_ERROR;
				GCC_WARN_UNDECLARED_SELECTOR = YES;
				GCC_WARN_UNINITIALIZED_AUTOS = YES_AGGRESSIVE;
				GCC_WARN_UNUSED_FUNCTION = YES;
				GCC_WARN_UNUSED_VARIABLE = YES;
				IPHONEOS_DEPLOYMENT_TARGET = 8.3;
				MTL_ENABLE_DEBUG_INFO = NO;
				SDKROOT = iphoneos;
				TARGETED_DEVICE_FAMILY = "1,2";
				VALIDATE_PRODUCT = YES;
			};
			name = Release;
		};
		0ACACA601B52E139007FC5DB /* Debug */ = {
			isa = XCBuildConfiguration;
			buildSettings = {
				ASSETCATALOG_COMPILER_APPICON_NAME = AppIcon;
				INFOPLIST_FILE = TestApp/Info.plist;
				LD_RUNPATH_SEARCH_PATHS = "$(inherited) @executable_path/Frameworks";
				OTHER_LDFLAGS = "-ObjC";
				PRODUCT_NAME = "$(TARGET_NAME)";
				USER_HEADER_SEARCH_PATHS = "$(BUILT_PRODUCTS_DIR)/../../Headers";
			};
			name = Debug;
		};
		0ACACA611B52E139007FC5DB /* Release */ = {
			isa = XCBuildConfiguration;
			buildSettings = {
				ASSETCATALOG_COMPILER_APPICON_NAME = AppIcon;
				INFOPLIST_FILE = TestApp/Info.plist;
				LD_RUNPATH_SEARCH_PATHS = "$(inherited) @executable_path/Frameworks";
				OTHER_LDFLAGS = "-ObjC";
				PRODUCT_NAME = "$(TARGET_NAME)";
				USER_HEADER_SEARCH_PATHS = "$(BUILT_PRODUCTS_DIR)/../../Headers";
			};
			name = Release;
		};
/* End XCBuildConfiguration section */

/* Begin XCConfigurationList section */
		0ACACA371B52E139007FC5DB /* Build configuration list for PBXProject "TestApp" */ = {
			isa = XCConfigurationList;
			buildConfigurations = (
				0ACACA5D1B52E139007FC5DB /* Debug */,
				0ACACA5E1B52E139007FC5DB /* Release */,
			);
			defaultConfigurationIsVisible = 0;
			defaultConfigurationName = Release;
		};
		0ACACA5F1B52E139007FC5DB /* Build configuration list for PBXNativeTarget "TestApp" */ = {
			isa = XCConfigurationList;
			buildConfigurations = (
				0ACACA601B52E139007FC5DB /* Debug */,
				0ACACA611B52E139007FC5DB /* Release */,
			);
			defaultConfigurationIsVisible = 0;
		};
/* End XCConfigurationList section */
	};
	rootObject = 0ACACA341B52E139007FC5DB /* Project object */;
}
